// !$*UTF8*$!
{
	archiveVersion = 1;
	classes = {
	};
	objectVersion = 50;
	objects = {

/* Begin PBXBuildFile section */
		DD042A3B2577197200E29D05 /* ProductInfoViewController.swift in Sources */ = {isa = PBXBuildFile; fileRef = DD042A3A2577197200E29D05 /* ProductInfoViewController.swift */; };
		DD064848257D62D000159A2D /* ImagePreviewCell.swift in Sources */ = {isa = PBXBuildFile; fileRef = DD064847257D62D000159A2D /* ImagePreviewCell.swift */; };
		DD281012257305A50090844E /* Extensions.swift in Sources */ = {isa = PBXBuildFile; fileRef = DD281011257305A50090844E /* Extensions.swift */; };
		DD402F36258144D400B2227D /* AddImageCell.swift in Sources */ = {isa = PBXBuildFile; fileRef = DD402F35258144D400B2227D /* AddImageCell.swift */; };
		DD9CA1E625636C4A009A8557 /* AppDelegate.swift in Sources */ = {isa = PBXBuildFile; fileRef = DD9CA1E525636C4A009A8557 /* AppDelegate.swift */; };
		DD9CA1E825636C4A009A8557 /* SceneDelegate.swift in Sources */ = {isa = PBXBuildFile; fileRef = DD9CA1E725636C4A009A8557 /* SceneDelegate.swift */; };
		DD9CA1EA25636C4A009A8557 /* ViewController.swift in Sources */ = {isa = PBXBuildFile; fileRef = DD9CA1E925636C4A009A8557 /* ViewController.swift */; };
		DD9CA1F025636C4A009A8557 /* LetsTrade.xcdatamodeld in Sources */ = {isa = PBXBuildFile; fileRef = DD9CA1EE25636C4A009A8557 /* LetsTrade.xcdatamodeld */; };
		DD9CA1F225636C4B009A8557 /* Assets.xcassets in Resources */ = {isa = PBXBuildFile; fileRef = DD9CA1F125636C4B009A8557 /* Assets.xcassets */; };
		DD9CA1F525636C4B009A8557 /* LaunchScreen.storyboard in Resources */ = {isa = PBXBuildFile; fileRef = DD9CA1F325636C4B009A8557 /* LaunchScreen.storyboard */; };
		DD9CA2142564B4AA009A8557 /* ProductCell.swift in Sources */ = {isa = PBXBuildFile; fileRef = DD9CA2132564B4AA009A8557 /* ProductCell.swift */; };
		DD9CA21B256983DA009A8557 /* NewProductViewController.swift in Sources */ = {isa = PBXBuildFile; fileRef = DD9CA21A256983DA009A8557 /* NewProductViewController.swift */; };
		DDAAA1E3258EBB2D00EE84BE /* RetroTraderTests.swift in Sources */ = {isa = PBXBuildFile; fileRef = DDAAA1E2258EBB2D00EE84BE /* RetroTraderTests.swift */; };
		DDCBB34525A416A400B65391 /* selectLocationVC.swift in Sources */ = {isa = PBXBuildFile; fileRef = DDCBB34425A416A400B65391 /* selectLocationVC.swift */; };
		DDCBB34925A41A6B00B65391 /* LocationSearchTable.swift in Sources */ = {isa = PBXBuildFile; fileRef = DDCBB34825A41A6B00B65391 /* LocationSearchTable.swift */; };
		DDCBB34F25AABCB500B65391 /* showLocationVC.swift in Sources */ = {isa = PBXBuildFile; fileRef = DDCBB34E25AABCB500B65391 /* showLocationVC.swift */; };
/* End PBXBuildFile section */

/* Begin PBXContainerItemProxy section */
		DDAAA1E5258EBB2D00EE84BE /* PBXContainerItemProxy */ = {
			isa = PBXContainerItemProxy;
			containerPortal = DD9CA1DA25636C4A009A8557 /* Project object */;
			proxyType = 1;
			remoteGlobalIDString = DD9CA1E125636C4A009A8557;
			remoteInfo = RetroTrader;
		};
/* End PBXContainerItemProxy section */

/* Begin PBXFileReference section */
		DD042A3A2577197200E29D05 /* ProductInfoViewController.swift */ = {isa = PBXFileReference; lastKnownFileType = sourcecode.swift; path = ProductInfoViewController.swift; sourceTree = "<group>"; };
		DD064847257D62D000159A2D /* ImagePreviewCell.swift */ = {isa = PBXFileReference; lastKnownFileType = sourcecode.swift; path = ImagePreviewCell.swift; sourceTree = "<group>"; };
		DD281011257305A50090844E /* Extensions.swift */ = {isa = PBXFileReference; lastKnownFileType = sourcecode.swift; path = Extensions.swift; sourceTree = "<group>"; };
		DD402F35258144D400B2227D /* AddImageCell.swift */ = {isa = PBXFileReference; lastKnownFileType = sourcecode.swift; path = AddImageCell.swift; sourceTree = "<group>"; };
		DD9CA1E225636C4A009A8557 /* RetroTrader.app */ = {isa = PBXFileReference; explicitFileType = wrapper.application; includeInIndex = 0; path = RetroTrader.app; sourceTree = BUILT_PRODUCTS_DIR; };
		DD9CA1E525636C4A009A8557 /* AppDelegate.swift */ = {isa = PBXFileReference; lastKnownFileType = sourcecode.swift; path = AppDelegate.swift; sourceTree = "<group>"; };
		DD9CA1E725636C4A009A8557 /* SceneDelegate.swift */ = {isa = PBXFileReference; lastKnownFileType = sourcecode.swift; path = SceneDelegate.swift; sourceTree = "<group>"; };
		DD9CA1E925636C4A009A8557 /* ViewController.swift */ = {isa = PBXFileReference; lastKnownFileType = sourcecode.swift; path = ViewController.swift; sourceTree = "<group>"; };
		DD9CA1EF25636C4A009A8557 /* LetsTrade.xcdatamodel */ = {isa = PBXFileReference; lastKnownFileType = wrapper.xcdatamodel; path = LetsTrade.xcdatamodel; sourceTree = "<group>"; };
		DD9CA1F125636C4B009A8557 /* Assets.xcassets */ = {isa = PBXFileReference; lastKnownFileType = folder.assetcatalog; path = Assets.xcassets; sourceTree = "<group>"; };
		DD9CA1F425636C4B009A8557 /* Base */ = {isa = PBXFileReference; lastKnownFileType = file.storyboard; name = Base; path = Base.lproj/LaunchScreen.storyboard; sourceTree = "<group>"; };
		DD9CA1F625636C4B009A8557 /* Info.plist */ = {isa = PBXFileReference; lastKnownFileType = text.plist.xml; path = Info.plist; sourceTree = "<group>"; };
		DD9CA2132564B4AA009A8557 /* ProductCell.swift */ = {isa = PBXFileReference; lastKnownFileType = sourcecode.swift; path = ProductCell.swift; sourceTree = "<group>"; };
		DD9CA21A256983DA009A8557 /* NewProductViewController.swift */ = {isa = PBXFileReference; lastKnownFileType = sourcecode.swift; path = NewProductViewController.swift; sourceTree = "<group>"; };
		DDAAA1E0258EBB2D00EE84BE /* RetroTraderTests.xctest */ = {isa = PBXFileReference; explicitFileType = wrapper.cfbundle; includeInIndex = 0; path = RetroTraderTests.xctest; sourceTree = BUILT_PRODUCTS_DIR; };
		DDAAA1E2258EBB2D00EE84BE /* RetroTraderTests.swift */ = {isa = PBXFileReference; lastKnownFileType = sourcecode.swift; path = RetroTraderTests.swift; sourceTree = "<group>"; };
		DDAAA1E4258EBB2D00EE84BE /* Info.plist */ = {isa = PBXFileReference; lastKnownFileType = text.plist.xml; path = Info.plist; sourceTree = "<group>"; };
		DDCBB34425A416A400B65391 /* selectLocationVC.swift */ = {isa = PBXFileReference; lastKnownFileType = sourcecode.swift; path = selectLocationVC.swift; sourceTree = "<group>"; };
		DDCBB34825A41A6B00B65391 /* LocationSearchTable.swift */ = {isa = PBXFileReference; lastKnownFileType = sourcecode.swift; path = LocationSearchTable.swift; sourceTree = "<group>"; };
		DDCBB34E25AABCB500B65391 /* showLocationVC.swift */ = {isa = PBXFileReference; lastKnownFileType = sourcecode.swift; path = showLocationVC.swift; sourceTree = "<group>"; };
/* End PBXFileReference section */

/* Begin PBXFrameworksBuildPhase section */
		DD9CA1DF25636C4A009A8557 /* Frameworks */ = {
			isa = PBXFrameworksBuildPhase;
			buildActionMask = 2147483647;
			files = (
			);
			runOnlyForDeploymentPostprocessing = 0;
		};
		DDAAA1DD258EBB2D00EE84BE /* Frameworks */ = {
			isa = PBXFrameworksBuildPhase;
			buildActionMask = 2147483647;
			files = (
			);
			runOnlyForDeploymentPostprocessing = 0;
		};
/* End PBXFrameworksBuildPhase section */

/* Begin PBXGroup section */
		DD06484D257DAEBF00159A2D /* Controller */ = {
			isa = PBXGroup;
			children = (
				DD9CA1E925636C4A009A8557 /* ViewController.swift */,
				DD9CA21A256983DA009A8557 /* NewProductViewController.swift */,
				DD042A3A2577197200E29D05 /* ProductInfoViewController.swift */,
				DDCBB34E25AABCB500B65391 /* showLocationVC.swift */,
				DDCBB34425A416A400B65391 /* selectLocationVC.swift */,
				DDCBB34825A41A6B00B65391 /* LocationSearchTable.swift */,
			);
			path = Controller;
			sourceTree = "<group>";
		};
		DD06484E257DAEF300159A2D /* View */ = {
			isa = PBXGroup;
			children = (
				DD064847257D62D000159A2D /* ImagePreviewCell.swift */,
				DD402F35258144D400B2227D /* AddImageCell.swift */,
				DD9CA2132564B4AA009A8557 /* ProductCell.swift */,
			);
			path = View;
			sourceTree = "<group>";
		};
		DD06484F257DAF4000159A2D /* Model */ = {
			isa = PBXGroup;
			children = (
				DD9CA1EE25636C4A009A8557 /* LetsTrade.xcdatamodeld */,
			);
			path = Model;
			sourceTree = "<group>";
		};
		DD9CA1D925636C4A009A8557 = {
			isa = PBXGroup;
			children = (
				DD9CA1E425636C4A009A8557 /* RetroTrader */,
				DDAAA1E1258EBB2D00EE84BE /* RetroTraderTests */,
				DD9CA1E325636C4A009A8557 /* Products */,
			);
			sourceTree = "<group>";
		};
		DD9CA1E325636C4A009A8557 /* Products */ = {
			isa = PBXGroup;
			children = (
				DD9CA1E225636C4A009A8557 /* RetroTrader.app */,
				DDAAA1E0258EBB2D00EE84BE /* RetroTraderTests.xctest */,
			);
			name = Products;
			sourceTree = "<group>";
		};
		DD9CA1E425636C4A009A8557 /* RetroTrader */ = {
			isa = PBXGroup;
			children = (
				DD281011257305A50090844E /* Extensions.swift */,
				DD06484F257DAF4000159A2D /* Model */,
				DD06484E257DAEF300159A2D /* View */,
				DD06484D257DAEBF00159A2D /* Controller */,
				DD9CA1F125636C4B009A8557 /* Assets.xcassets */,
				DD9CA1E525636C4A009A8557 /* AppDelegate.swift */,
				DD9CA1E725636C4A009A8557 /* SceneDelegate.swift */,
				DD9CA1F325636C4B009A8557 /* LaunchScreen.storyboard */,
				DD9CA1F625636C4B009A8557 /* Info.plist */,
			);
			path = RetroTrader;
			sourceTree = "<group>";
		};
		DDAAA1E1258EBB2D00EE84BE /* RetroTraderTests */ = {
			isa = PBXGroup;
			children = (
				DDAAA1E2258EBB2D00EE84BE /* RetroTraderTests.swift */,
				DDAAA1E4258EBB2D00EE84BE /* Info.plist */,
			);
			path = RetroTraderTests;
			sourceTree = "<group>";
		};
/* End PBXGroup section */

/* Begin PBXNativeTarget section */
		DD9CA1E125636C4A009A8557 /* RetroTrader */ = {
			isa = PBXNativeTarget;
			buildConfigurationList = DD9CA1F925636C4B009A8557 /* Build configuration list for PBXNativeTarget "RetroTrader" */;
			buildPhases = (
				DD9CA1DE25636C4A009A8557 /* Sources */,
				DD9CA1DF25636C4A009A8557 /* Frameworks */,
				DD9CA1E025636C4A009A8557 /* Resources */,
			);
			buildRules = (
			);
			dependencies = (
			);
			name = RetroTrader;
			productName = LetsTrade;
			productReference = DD9CA1E225636C4A009A8557 /* RetroTrader.app */;
			productType = "com.apple.product-type.application";
		};
		DDAAA1DF258EBB2D00EE84BE /* RetroTraderTests */ = {
			isa = PBXNativeTarget;
			buildConfigurationList = DDAAA1E9258EBB2D00EE84BE /* Build configuration list for PBXNativeTarget "RetroTraderTests" */;
			buildPhases = (
				DDAAA1DC258EBB2D00EE84BE /* Sources */,
				DDAAA1DD258EBB2D00EE84BE /* Frameworks */,
				DDAAA1DE258EBB2D00EE84BE /* Resources */,
			);
			buildRules = (
			);
			dependencies = (
				DDAAA1E6258EBB2D00EE84BE /* PBXTargetDependency */,
			);
			name = RetroTraderTests;
			productName = RetroTraderTests;
			productReference = DDAAA1E0258EBB2D00EE84BE /* RetroTraderTests.xctest */;
			productType = "com.apple.product-type.bundle.unit-test";
		};
/* End PBXNativeTarget section */

/* Begin PBXProject section */
		DD9CA1DA25636C4A009A8557 /* Project object */ = {
			isa = PBXProject;
			attributes = {
				LastSwiftUpdateCheck = 1230;
				LastUpgradeCheck = 1200;
				TargetAttributes = {
					DD9CA1E125636C4A009A8557 = {
						CreatedOnToolsVersion = 12.0;
					};
					DDAAA1DF258EBB2D00EE84BE = {
						CreatedOnToolsVersion = 12.3;
						TestTargetID = DD9CA1E125636C4A009A8557;
					};
				};
			};
			buildConfigurationList = DD9CA1DD25636C4A009A8557 /* Build configuration list for PBXProject "RetroTrader" */;
			compatibilityVersion = "Xcode 9.3";
			developmentRegion = en;
			hasScannedForEncodings = 0;
			knownRegions = (
				en,
				Base,
			);
			mainGroup = DD9CA1D925636C4A009A8557;
			productRefGroup = DD9CA1E325636C4A009A8557 /* Products */;
			projectDirPath = "";
			projectRoot = "";
			targets = (
				DD9CA1E125636C4A009A8557 /* RetroTrader */,
				DDAAA1DF258EBB2D00EE84BE /* RetroTraderTests */,
			);
		};
/* End PBXProject section */

/* Begin PBXResourcesBuildPhase section */
		DD9CA1E025636C4A009A8557 /* Resources */ = {
			isa = PBXResourcesBuildPhase;
			buildActionMask = 2147483647;
			files = (
				DD9CA1F525636C4B009A8557 /* LaunchScreen.storyboard in Resources */,
				DD9CA1F225636C4B009A8557 /* Assets.xcassets in Resources */,
			);
			runOnlyForDeploymentPostprocessing = 0;
		};
		DDAAA1DE258EBB2D00EE84BE /* Resources */ = {
			isa = PBXResourcesBuildPhase;
			buildActionMask = 2147483647;
			files = (
			);
			runOnlyForDeploymentPostprocessing = 0;
		};
/* End PBXResourcesBuildPhase section */

/* Begin PBXSourcesBuildPhase section */
		DD9CA1DE25636C4A009A8557 /* Sources */ = {
			isa = PBXSourcesBuildPhase;
			buildActionMask = 2147483647;
			files = (
				DDCBB34925A41A6B00B65391 /* LocationSearchTable.swift in Sources */,
				DD9CA1EA25636C4A009A8557 /* ViewController.swift in Sources */,
				DD9CA1E625636C4A009A8557 /* AppDelegate.swift in Sources */,
				DDCBB34F25AABCB500B65391 /* showLocationVC.swift in Sources */,
				DD9CA2142564B4AA009A8557 /* ProductCell.swift in Sources */,
				DD402F36258144D400B2227D /* AddImageCell.swift in Sources */,
				DD9CA21B256983DA009A8557 /* NewProductViewController.swift in Sources */,
				DDCBB34525A416A400B65391 /* selectLocationVC.swift in Sources */,
				DD9CA1F025636C4A009A8557 /* LetsTrade.xcdatamodeld in Sources */,
				DD9CA1E825636C4A009A8557 /* SceneDelegate.swift in Sources */,
				DD064848257D62D000159A2D /* ImagePreviewCell.swift in Sources */,
				DD042A3B2577197200E29D05 /* ProductInfoViewController.swift in Sources */,
				DD281012257305A50090844E /* Extensions.swift in Sources */,
			);
			runOnlyForDeploymentPostprocessing = 0;
		};
		DDAAA1DC258EBB2D00EE84BE /* Sources */ = {
			isa = PBXSourcesBuildPhase;
			buildActionMask = 2147483647;
			files = (
				DDAAA1E3258EBB2D00EE84BE /* RetroTraderTests.swift in Sources */,
			);
			runOnlyForDeploymentPostprocessing = 0;
		};
/* End PBXSourcesBuildPhase section */

/* Begin PBXTargetDependency section */
		DDAAA1E6258EBB2D00EE84BE /* PBXTargetDependency */ = {
			isa = PBXTargetDependency;
			target = DD9CA1E125636C4A009A8557 /* RetroTrader */;
			targetProxy = DDAAA1E5258EBB2D00EE84BE /* PBXContainerItemProxy */;
		};
/* End PBXTargetDependency section */

/* Begin PBXVariantGroup section */
		DD9CA1F325636C4B009A8557 /* LaunchScreen.storyboard */ = {
			isa = PBXVariantGroup;
			children = (
				DD9CA1F425636C4B009A8557 /* Base */,
			);
			name = LaunchScreen.storyboard;
			sourceTree = "<group>";
		};
/* End PBXVariantGroup section */

/* Begin XCBuildConfiguration section */
		DD9CA1F725636C4B009A8557 /* Debug */ = {
			isa = XCBuildConfiguration;
			buildSettings = {
				ALWAYS_SEARCH_USER_PATHS = NO;
				CLANG_ANALYZER_NONNULL = YES;
				CLANG_ANALYZER_NUMBER_OBJECT_CONVERSION = YES_AGGRESSIVE;
				CLANG_CXX_LANGUAGE_STANDARD = "gnu++14";
				CLANG_CXX_LIBRARY = "libc++";
				CLANG_ENABLE_MODULES = YES;
				CLANG_ENABLE_OBJC_ARC = YES;
				CLANG_ENABLE_OBJC_WEAK = YES;
				CLANG_WARN_BLOCK_CAPTURE_AUTORELEASING = YES;
				CLANG_WARN_BOOL_CONVERSION = YES;
				CLANG_WARN_COMMA = YES;
				CLANG_WARN_CONSTANT_CONVERSION = YES;
				CLANG_WARN_DEPRECATED_OBJC_IMPLEMENTATIONS = YES;
				CLANG_WARN_DIRECT_OBJC_ISA_USAGE = YES_ERROR;
				CLANG_WARN_DOCUMENTATION_COMMENTS = YES;
				CLANG_WARN_EMPTY_BODY = YES;
				CLANG_WARN_ENUM_CONVERSION = YES;
				CLANG_WARN_INFINITE_RECURSION = YES;
				CLANG_WARN_INT_CONVERSION = YES;
				CLANG_WARN_NON_LITERAL_NULL_CONVERSION = YES;
				CLANG_WARN_OBJC_IMPLICIT_RETAIN_SELF = YES;
				CLANG_WARN_OBJC_LITERAL_CONVERSION = YES;
				CLANG_WARN_OBJC_ROOT_CLASS = YES_ERROR;
				CLANG_WARN_QUOTED_INCLUDE_IN_FRAMEWORK_HEADER = YES;
				CLANG_WARN_RANGE_LOOP_ANALYSIS = YES;
				CLANG_WARN_STRICT_PROTOTYPES = YES;
				CLANG_WARN_SUSPICIOUS_MOVE = YES;
				CLANG_WARN_UNGUARDED_AVAILABILITY = YES_AGGRESSIVE;
				CLANG_WARN_UNREACHABLE_CODE = YES;
				CLANG_WARN__DUPLICATE_METHOD_MATCH = YES;
				COPY_PHASE_STRIP = NO;
				DEBUG_INFORMATION_FORMAT = dwarf;
				ENABLE_STRICT_OBJC_MSGSEND = YES;
				ENABLE_TESTABILITY = YES;
				GCC_C_LANGUAGE_STANDARD = gnu11;
				GCC_DYNAMIC_NO_PIC = NO;
				GCC_NO_COMMON_BLOCKS = YES;
				GCC_OPTIMIZATION_LEVEL = 0;
				GCC_PREPROCESSOR_DEFINITIONS = (
					"DEBUG=1",
					"$(inherited)",
				);
				GCC_WARN_64_TO_32_BIT_CONVERSION = YES;
				GCC_WARN_ABOUT_RETURN_TYPE = YES_ERROR;
				GCC_WARN_UNDECLARED_SELECTOR = YES;
				GCC_WARN_UNINITIALIZED_AUTOS = YES_AGGRESSIVE;
				GCC_WARN_UNUSED_FUNCTION = YES;
				GCC_WARN_UNUSED_VARIABLE = YES;
				IPHONEOS_DEPLOYMENT_TARGET = 14.0;
				MTL_ENABLE_DEBUG_INFO = INCLUDE_SOURCE;
				MTL_FAST_MATH = YES;
				ONLY_ACTIVE_ARCH = YES;
				SDKROOT = iphoneos;
				SWIFT_ACTIVE_COMPILATION_CONDITIONS = DEBUG;
				SWIFT_OPTIMIZATION_LEVEL = "-Onone";
			};
			name = Debug;
		};
		DD9CA1F825636C4B009A8557 /* Release */ = {
			isa = XCBuildConfiguration;
			buildSettings = {
				ALWAYS_SEARCH_USER_PATHS = NO;
				CLANG_ANALYZER_NONNULL = YES;
				CLANG_ANALYZER_NUMBER_OBJECT_CONVERSION = YES_AGGRESSIVE;
				CLANG_CXX_LANGUAGE_STANDARD = "gnu++14";
				CLANG_CXX_LIBRARY = "libc++";
				CLANG_ENABLE_MODULES = YES;
				CLANG_ENABLE_OBJC_ARC = YES;
				CLANG_ENABLE_OBJC_WEAK = YES;
				CLANG_WARN_BLOCK_CAPTURE_AUTORELEASING = YES;
				CLANG_WARN_BOOL_CONVERSION = YES;
				CLANG_WARN_COMMA = YES;
				CLANG_WARN_CONSTANT_CONVERSION = YES;
				CLANG_WARN_DEPRECATED_OBJC_IMPLEMENTATIONS = YES;
				CLANG_WARN_DIRECT_OBJC_ISA_USAGE = YES_ERROR;
				CLANG_WARN_DOCUMENTATION_COMMENTS = YES;
				CLANG_WARN_EMPTY_BODY = YES;
				CLANG_WARN_ENUM_CONVERSION = YES;
				CLANG_WARN_INFINITE_RECURSION = YES;
				CLANG_WARN_INT_CONVERSION = YES;
				CLANG_WARN_NON_LITERAL_NULL_CONVERSION = YES;
				CLANG_WARN_OBJC_IMPLICIT_RETAIN_SELF = YES;
				CLANG_WARN_OBJC_LITERAL_CONVERSION = YES;
				CLANG_WARN_OBJC_ROOT_CLASS = YES_ERROR;
				CLANG_WARN_QUOTED_INCLUDE_IN_FRAMEWORK_HEADER = YES;
				CLANG_WARN_RANGE_LOOP_ANALYSIS = YES;
				CLANG_WARN_STRICT_PROTOTYPES = YES;
				CLANG_WARN_SUSPICIOUS_MOVE = YES;
				CLANG_WARN_UNGUARDED_AVAILABILITY = YES_AGGRESSIVE;
				CLANG_WARN_UNREACHABLE_CODE = YES;
				CLANG_WARN__DUPLICATE_METHOD_MATCH = YES;
				COPY_PHASE_STRIP = NO;
				DEBUG_INFORMATION_FORMAT = "dwarf-with-dsym";
				ENABLE_NS_ASSERTIONS = NO;
				ENABLE_STRICT_OBJC_MSGSEND = YES;
				GCC_C_LANGUAGE_STANDARD = gnu11;
				GCC_NO_COMMON_BLOCKS = YES;
				GCC_WARN_64_TO_32_BIT_CONVERSION = YES;
				GCC_WARN_ABOUT_RETURN_TYPE = YES_ERROR;
				GCC_WARN_UNDECLARED_SELECTOR = YES;
				GCC_WARN_UNINITIALIZED_AUTOS = YES_AGGRESSIVE;
				GCC_WARN_UNUSED_FUNCTION = YES;
				GCC_WARN_UNUSED_VARIABLE = YES;
				IPHONEOS_DEPLOYMENT_TARGET = 14.0;
				MTL_ENABLE_DEBUG_INFO = NO;
				MTL_FAST_MATH = YES;
				SDKROOT = iphoneos;
				SWIFT_COMPILATION_MODE = wholemodule;
				SWIFT_OPTIMIZATION_LEVEL = "-O";
				VALIDATE_PRODUCT = YES;
			};
			name = Release;
		};
		DD9CA1FA25636C4B009A8557 /* Debug */ = {
			isa = XCBuildConfiguration;
			buildSettings = {
				ASSETCATALOG_COMPILER_APPICON_NAME = AppIcon;
				ASSETCATALOG_COMPILER_GLOBAL_ACCENT_COLOR_NAME = AccentColor;
				CODE_SIGN_STYLE = Automatic;
				DEVELOPMENT_TEAM = 7VMSA5VDUW;
				INFOPLIST_FILE = RetroTrader/Info.plist;
				LD_RUNPATH_SEARCH_PATHS = (
					"$(inherited)",
					"@executable_path/Frameworks",
				);
				PRODUCT_BUNDLE_IDENTIFIER = com.garynaz.RetroTrader;
				PRODUCT_NAME = "$(TARGET_NAME)";
				SWIFT_VERSION = 5.0;
				TARGETED_DEVICE_FAMILY = 1;
			};
			name = Debug;
		};
		DD9CA1FB25636C4B009A8557 /* Release */ = {
			isa = XCBuildConfiguration;
			buildSettings = {
				ASSETCATALOG_COMPILER_APPICON_NAME = AppIcon;
				ASSETCATALOG_COMPILER_GLOBAL_ACCENT_COLOR_NAME = AccentColor;
				CODE_SIGN_STYLE = Automatic;
				DEVELOPMENT_TEAM = 7VMSA5VDUW;
				INFOPLIST_FILE = RetroTrader/Info.plist;
				LD_RUNPATH_SEARCH_PATHS = (
					"$(inherited)",
					"@executable_path/Frameworks",
				);
				PRODUCT_BUNDLE_IDENTIFIER = com.garynaz.RetroTrader;
				PRODUCT_NAME = "$(TARGET_NAME)";
				SWIFT_VERSION = 5.0;
				TARGETED_DEVICE_FAMILY = 1;
			};
			name = Release;
		};
		DDAAA1E7258EBB2D00EE84BE /* Debug */ = {
			isa = XCBuildConfiguration;
			buildSettings = {
				BUNDLE_LOADER = "$(TEST_HOST)";
				CODE_SIGN_STYLE = Automatic;
				DEVELOPMENT_TEAM = 7VMSA5VDUW;
				INFOPLIST_FILE = RetroTraderTests/Info.plist;
				IPHONEOS_DEPLOYMENT_TARGET = 14.3;
				LD_RUNPATH_SEARCH_PATHS = (
					"$(inherited)",
					"@executable_path/Frameworks",
					"@loader_path/Frameworks",
				);
				PRODUCT_BUNDLE_IDENTIFIER = com.garynaz.RetroTraderTests;
				PRODUCT_NAME = "$(TARGET_NAME)";
				SWIFT_VERSION = 5.0;
				TARGETED_DEVICE_FAMILY = "1,2";
				TEST_HOST = "$(BUILT_PRODUCTS_DIR)/RetroTrader.app/RetroTrader";
			};
			name = Debug;
		};
		DDAAA1E8258EBB2D00EE84BE /* Release */ = {
			isa = XCBuildConfiguration;
			buildSettings = {
				BUNDLE_LOADER = "$(TEST_HOST)";
				CODE_SIGN_STYLE = Automatic;
				DEVELOPMENT_TEAM = 7VMSA5VDUW;
				INFOPLIST_FILE = RetroTraderTests/Info.plist;
				IPHONEOS_DEPLOYMENT_TARGET = 14.3;
				LD_RUNPATH_SEARCH_PATHS = (
					"$(inherited)",
					"@executable_path/Frameworks",
					"@loader_path/Frameworks",
				);
				PRODUCT_BUNDLE_IDENTIFIER = com.garynaz.RetroTraderTests;
				PRODUCT_NAME = "$(TARGET_NAME)";
				SWIFT_VERSION = 5.0;
				TARGETED_DEVICE_FAMILY = "1,2";
				TEST_HOST = "$(BUILT_PRODUCTS_DIR)/RetroTrader.app/RetroTrader";
			};
			name = Release;
		};
/* End XCBuildConfiguration section */

/* Begin XCConfigurationList section */
		DD9CA1DD25636C4A009A8557 /* Build configuration list for PBXProject "RetroTrader" */ = {
			isa = XCConfigurationList;
			buildConfigurations = (
				DD9CA1F725636C4B009A8557 /* Debug */,
				DD9CA1F825636C4B009A8557 /* Release */,
			);
			defaultConfigurationIsVisible = 0;
			defaultConfigurationName = Release;
		};
		DD9CA1F925636C4B009A8557 /* Build configuration list for PBXNativeTarget "RetroTrader" */ = {
			isa = XCConfigurationList;
			buildConfigurations = (
				DD9CA1FA25636C4B009A8557 /* Debug */,
				DD9CA1FB25636C4B009A8557 /* Release */,
			);
			defaultConfigurationIsVisible = 0;
			defaultConfigurationName = Release;
		};
		DDAAA1E9258EBB2D00EE84BE /* Build configuration list for PBXNativeTarget "RetroTraderTests" */ = {
			isa = XCConfigurationList;
			buildConfigurations = (
				DDAAA1E7258EBB2D00EE84BE /* Debug */,
				DDAAA1E8258EBB2D00EE84BE /* Release */,
			);
			defaultConfigurationIsVisible = 0;
			defaultConfigurationName = Release;
		};
/* End XCConfigurationList section */

/* Begin XCVersionGroup section */
		DD9CA1EE25636C4A009A8557 /* LetsTrade.xcdatamodeld */ = {
			isa = XCVersionGroup;
			children = (
				DD9CA1EF25636C4A009A8557 /* LetsTrade.xcdatamodel */,
			);
			currentVersion = DD9CA1EF25636C4A009A8557 /* LetsTrade.xcdatamodel */;
			path = LetsTrade.xcdatamodeld;
			sourceTree = "<group>";
			versionGroupType = wrapper.xcdatamodel;
		};
/* End XCVersionGroup section */
	};
	rootObject = DD9CA1DA25636C4A009A8557 /* Project object */;
}
